
Microsoft Visual Studio Solution File, Format Version 12.00
# Visual Studio Version 16
VisualStudioVersion = 16.0.29318.209
MinimumVisualStudioVersion = 10.0.40219.1
Project("{FAE04EC0-301F-11D3-BF4B-00C04F79EFBC}") = "web Api Project", "web Api Project\web Api Project.csproj", "{4329D56F-A1AB-4428-86CA-F73338E924DE}"
EndProject
Global
	GlobalSection(SolutionConfigurationPlatforms) = preSolution
		Debug|Any CPU = Debug|Any CPU
		Release|Any CPU = Release|Any CPU
	EndGlobalSection
	GlobalSection(ProjectConfigurationPlatforms) = postSolution
		{4329D56F-A1AB-4428-86CA-F73338E924DE}.Debug|Any CPU.ActiveCfg = Debug|Any CPU
		{4329D56F-A1AB-4428-86CA-F73338E924DE}.Debug|Any CPU.Build.0 = Debug|Any CPU
		{4329D56F-A1AB-4428-86CA-F73338E924DE}.Release|Any CPU.ActiveCfg = Release|Any CPU
		{4329D56F-A1AB-4428-86CA-F73338E924DE}.Release|Any CPU.Build.0 = Release|Any CPU
	EndGlobalSection
	GlobalSection(SolutionProperties) = preSolution
		HideSolutionNode = FALSE
	EndGlobalSection
	GlobalSection(ExtensibilityGlobals) = postSolution
		SolutionGuid = {3BE18B6F-A7FE-43FF-9A06-5D6B098228AC}
	EndGlobalSection
EndGlobal
